// !$*UTF8*$!
{
	archiveVersion = 1;
	classes = {
	};
	objectVersion = 46;
	objects = {

/* Begin PBXBuildFile section */
		B42D23301A30C5D70012BB06 /* log.cpp in Sources */ = {isa = PBXBuildFile; fileRef = B42D232E1A30C5D70012BB06 /* log.cpp */; };
		B42D23311A30C5D70012BB06 /* log.h in Headers */ = {isa = PBXBuildFile; fileRef = B42D232F1A30C5D70012BB06 /* log.h */; };
		B458B63E1A18EFEF00143CF0 /* opengl_context.cpp in Sources */ = {isa = PBXBuildFile; fileRef = B458B63C1A18EFEF00143CF0 /* opengl_context.cpp */; };
		B458B6451A18F23500143CF0 /* mac_opengl_context.mm in Sources */ = {isa = PBXBuildFile; fileRef = B458B6431A18F23500143CF0 /* mac_opengl_context.mm */; };
		B458B64A1A18F46900143CF0 /* _opengl_context.h in Headers */ = {isa = PBXBuildFile; fileRef = B458B6491A18F46900143CF0 /* _opengl_context.h */; };
		B45ADB3E1A2F5B2400390C6E /* main_al.mm in Sources */ = {isa = PBXBuildFile; fileRef = B45ADB371A2F5A2900390C6E /* main_al.mm */; };
		B45ADB401A2F5B2400390C6E /* AppKit.framework in Frameworks */ = {isa = PBXBuildFile; fileRef = B4F7F7C019DEE90800302B5C /* AppKit.framework */; };
		B45ADB471A2F5B3C00390C6E /* libapplicationLayer_MACx64.a in Frameworks */ = {isa = PBXBuildFile; fileRef = B4F7F7B819DEE87B00302B5C /* libapplicationLayer_MACx64.a */; };
		B461292D1A2E62B6007F66A3 /* window.cpp in Sources */ = {isa = PBXBuildFile; fileRef = B461292B1A2E6277007F66A3 /* window.cpp */; };
		B46129331A2E6414007F66A3 /* VALWindow.mm in Sources */ = {isa = PBXBuildFile; fileRef = B46129311A2E6414007F66A3 /* VALWindow.mm */; };
		B46129371A2E64D6007F66A3 /* VALWindowDelegate.mm in Sources */ = {isa = PBXBuildFile; fileRef = B46129351A2E64D6007F66A3 /* VALWindowDelegate.mm */; };
		B461293B1A2E65EE007F66A3 /* VALApplication.mm in Sources */ = {isa = PBXBuildFile; fileRef = B46129391A2E65EE007F66A3 /* VALApplication.mm */; };
		B461293F1A2E6655007F66A3 /* VALApplicationDelegate.mm in Sources */ = {isa = PBXBuildFile; fileRef = B461293D1A2E6655007F66A3 /* VALApplicationDelegate.mm */; };
		B46129401A2E6727007F66A3 /* virtualApplicationLayer.h in Headers */ = {isa = PBXBuildFile; fileRef = B47910201A2E29B900B8A1F5 /* virtualApplicationLayer.h */; settings = {ATTRIBUTES = (Public, ); }; };
		B47910281A2E2AE100B8A1F5 /* mac_window.mm in Sources */ = {isa = PBXBuildFile; fileRef = B47910261A2E2AE100B8A1F5 /* mac_window.mm */; };
		B479102E1A2E2FC100B8A1F5 /* mac_window_manager.mm in Sources */ = {isa = PBXBuildFile; fileRef = B479102C1A2E2FC100B8A1F5 /* mac_window_manager.mm */; };
		B47910311A2E304200B8A1F5 /* window_manager.cpp in Sources */ = {isa = PBXBuildFile; fileRef = B47910301A2E304200B8A1F5 /* window_manager.cpp */; };
		B47910361A2E494C00B8A1F5 /* application.cpp in Sources */ = {isa = PBXBuildFile; fileRef = B47910341A2E494C00B8A1F5 /* application.cpp */; };
		B479103A1A2E4A0800B8A1F5 /* mac_application.mm in Sources */ = {isa = PBXBuildFile; fileRef = B47910381A2E4A0800B8A1F5 /* mac_application.mm */; };
		B479103C1A2E578200B8A1F5 /* libvirtualApplicationLayer_MACx64.a in Frameworks */ = {isa = PBXBuildFile; fileRef = B47910181A2E290700B8A1F5 /* libvirtualApplicationLayer_MACx64.a */; };
		B479103D1A2E585C00B8A1F5 /* AppKit.framework in Frameworks */ = {isa = PBXBuildFile; fileRef = B4F7F7C019DEE90800302B5C /* AppKit.framework */; };
		B4F7F7BC19DEE8B700302B5C /* init.cpp in Sources */ = {isa = PBXBuildFile; fileRef = B4F7F7A119DEE81800302B5C /* init.cpp */; };
		B4F7F7BD19DEE8B900302B5C /* mac_init.mm in Sources */ = {isa = PBXBuildFile; fileRef = B4F7F7A319DEE81800302B5C /* mac_init.mm */; };
		B4F7F7BE19DEE8BA00302B5C /* mac_window.mm in Sources */ = {isa = PBXBuildFile; fileRef = B4F7F7A419DEE81800302B5C /* mac_window.mm */; };
		B4F7F7BF19DEE8BC00302B5C /* window.cpp in Sources */ = {isa = PBXBuildFile; fileRef = B4F7F7A519DEE81800302B5C /* window.cpp */; };
		B4F7F7C119DEE90800302B5C /* AppKit.framework in Frameworks */ = {isa = PBXBuildFile; fileRef = B4F7F7C019DEE90800302B5C /* AppKit.framework */; };
		B4F7F7C219DEE92100302B5C /* applicationLayer.h in Headers */ = {isa = PBXBuildFile; fileRef = B4F7F79719DEE81800302B5C /* applicationLayer.h */; settings = {ATTRIBUTES = (Public, ); }; };
		B4F7F7D319DEE9D500302B5C /* main_val.mm in Sources */ = {isa = PBXBuildFile; fileRef = B4F7F7AB19DEE81800302B5C /* main_val.mm */; };
/* End PBXBuildFile section */

/* Begin PBXContainerItemProxy section */
		B45ADB3B1A2F5B2400390C6E /* PBXContainerItemProxy */ = {
			isa = PBXContainerItemProxy;
			containerPortal = A46AA06319DEE68D00200EBC /* Project object */;
			proxyType = 1;
			remoteGlobalIDString = B4F7F7B719DEE87B00302B5C;
			remoteInfo = applicationLayer_MACx64;
		};
		B4F7F7D119DEE9A700302B5C /* PBXContainerItemProxy */ = {
			isa = PBXContainerItemProxy;
			containerPortal = A46AA06319DEE68D00200EBC /* Project object */;
			proxyType = 1;
			remoteGlobalIDString = B4F7F7B719DEE87B00302B5C;
			remoteInfo = applicationLayer_MACx64;
		};
/* End PBXContainerItemProxy section */

/* Begin PBXCopyFilesBuildPhase section */
		B45ADB421A2F5B2400390C6E /* CopyFiles */ = {
			isa = PBXCopyFilesBuildPhase;
			buildActionMask = 2147483647;
			dstPath = /usr/share/man/man1/;
			dstSubfolderSpec = 0;
			files = (
			);
			runOnlyForDeploymentPostprocessing = 1;
		};
		B4F7F7C719DEE99800302B5C /* CopyFiles */ = {
			isa = PBXCopyFilesBuildPhase;
			buildActionMask = 2147483647;
			dstPath = /usr/share/man/man1/;
			dstSubfolderSpec = 0;
			files = (
			);
			runOnlyForDeploymentPostprocessing = 1;
		};
/* End PBXCopyFilesBuildPhase section */

/* Begin PBXFileReference section */
		B42D232E1A30C5D70012BB06 /* log.cpp */ = {isa = PBXFileReference; fileEncoding = 4; lastKnownFileType = sourcecode.cpp.cpp; path = log.cpp; sourceTree = "<group>"; };
		B42D232F1A30C5D70012BB06 /* log.h */ = {isa = PBXFileReference; fileEncoding = 4; lastKnownFileType = sourcecode.c.h; path = log.h; sourceTree = "<group>"; };
		B458B63C1A18EFEF00143CF0 /* opengl_context.cpp */ = {isa = PBXFileReference; fileEncoding = 4; lastKnownFileType = sourcecode.cpp.cpp; path = opengl_context.cpp; sourceTree = "<group>"; };
		B458B63D1A18EFEF00143CF0 /* opengl_context.h */ = {isa = PBXFileReference; fileEncoding = 4; lastKnownFileType = sourcecode.c.h; path = opengl_context.h; sourceTree = "<group>"; };
		B458B6431A18F23500143CF0 /* mac_opengl_context.mm */ = {isa = PBXFileReference; fileEncoding = 4; lastKnownFileType = sourcecode.cpp.objcpp; path = mac_opengl_context.mm; sourceTree = "<group>"; };
		B458B6491A18F46900143CF0 /* _opengl_context.h */ = {isa = PBXFileReference; fileEncoding = 4; lastKnownFileType = sourcecode.c.h; path = _opengl_context.h; sourceTree = "<group>"; };
		B45ADB361A2F59CC00390C6E /* measure.h */ = {isa = PBXFileReference; lastKnownFileType = sourcecode.c.h; path = measure.h; sourceTree = "<group>"; };
		B45ADB371A2F5A2900390C6E /* main_al.mm */ = {isa = PBXFileReference; fileEncoding = 4; lastKnownFileType = sourcecode.cpp.objcpp; path = main_al.mm; sourceTree = "<group>"; };
		B45ADB461A2F5B2400390C6E /* Test_al */ = {isa = PBXFileReference; explicitFileType = "compiled.mach-o.executable"; includeInIndex = 0; path = Test_al; sourceTree = BUILT_PRODUCTS_DIR; };
		B461292B1A2E6277007F66A3 /* window.cpp */ = {isa = PBXFileReference; fileEncoding = 4; lastKnownFileType = sourcecode.cpp.cpp; path = window.cpp; sourceTree = "<group>"; };
		B46129301A2E6414007F66A3 /* VALWindow.h */ = {isa = PBXFileReference; fileEncoding = 4; lastKnownFileType = sourcecode.c.h; lineEnding = 0; path = VALWindow.h; sourceTree = "<group>"; xcLanguageSpecificationIdentifier = xcode.lang.objcpp; };
		B46129311A2E6414007F66A3 /* VALWindow.mm */ = {isa = PBXFileReference; fileEncoding = 4; lastKnownFileType = sourcecode.cpp.objcpp; lineEnding = 0; path = VALWindow.mm; sourceTree = "<group>"; xcLanguageSpecificationIdentifier = xcode.lang.objcpp; };
		B46129341A2E64D6007F66A3 /* VALWindowDelegate.h */ = {isa = PBXFileReference; fileEncoding = 4; lastKnownFileType = sourcecode.c.h; path = VALWindowDelegate.h; sourceTree = "<group>"; };
		B46129351A2E64D6007F66A3 /* VALWindowDelegate.mm */ = {isa = PBXFileReference; fileEncoding = 4; lastKnownFileType = sourcecode.cpp.objcpp; lineEnding = 0; path = VALWindowDelegate.mm; sourceTree = "<group>"; xcLanguageSpecificationIdentifier = xcode.lang.objcpp; };
		B46129381A2E65EE007F66A3 /* VALApplication.h */ = {isa = PBXFileReference; fileEncoding = 4; lastKnownFileType = sourcecode.c.h; path = VALApplication.h; sourceTree = "<group>"; };
		B46129391A2E65EE007F66A3 /* VALApplication.mm */ = {isa = PBXFileReference; fileEncoding = 4; lastKnownFileType = sourcecode.cpp.objcpp; lineEnding = 0; path = VALApplication.mm; sourceTree = "<group>"; xcLanguageSpecificationIdentifier = xcode.lang.objcpp; };
		B461293C1A2E6655007F66A3 /* VALApplicationDelegate.h */ = {isa = PBXFileReference; fileEncoding = 4; lastKnownFileType = sourcecode.c.h; path = VALApplicationDelegate.h; sourceTree = "<group>"; };
		B461293D1A2E6655007F66A3 /* VALApplicationDelegate.mm */ = {isa = PBXFileReference; fileEncoding = 4; lastKnownFileType = sourcecode.cpp.objcpp; lineEnding = 0; path = VALApplicationDelegate.mm; sourceTree = "<group>"; xcLanguageSpecificationIdentifier = xcode.lang.objcpp; };
		B46129411A2E6A1A007F66A3 /* config.h */ = {isa = PBXFileReference; lastKnownFileType = sourcecode.c.h; lineEnding = 0; path = config.h; sourceTree = "<group>"; xcLanguageSpecificationIdentifier = xcode.lang.objcpp; };
		B47910181A2E290700B8A1F5 /* libvirtualApplicationLayer_MACx64.a */ = {isa = PBXFileReference; explicitFileType = archive.ar; includeInIndex = 0; path = libvirtualApplicationLayer_MACx64.a; sourceTree = BUILT_PRODUCTS_DIR; };
		B47910201A2E29B900B8A1F5 /* virtualApplicationLayer.h */ = {isa = PBXFileReference; lastKnownFileType = sourcecode.c.h; path = virtualApplicationLayer.h; sourceTree = "<group>"; };
		B47910221A2E29D000B8A1F5 /* window.h */ = {isa = PBXFileReference; fileEncoding = 4; lastKnownFileType = sourcecode.c.h; path = window.h; sourceTree = "<group>"; };
		B47910261A2E2AE100B8A1F5 /* mac_window.mm */ = {isa = PBXFileReference; fileEncoding = 4; lastKnownFileType = sourcecode.cpp.objcpp; path = mac_window.mm; sourceTree = "<group>"; };
		B47910271A2E2AE100B8A1F5 /* mac_window.h */ = {isa = PBXFileReference; fileEncoding = 4; lastKnownFileType = sourcecode.c.h; path = mac_window.h; sourceTree = "<group>"; };
		B479102B1A2E2F1D00B8A1F5 /* window_manager.h */ = {isa = PBXFileReference; lastKnownFileType = sourcecode.c.h; path = window_manager.h; sourceTree = "<group>"; };
		B479102C1A2E2FC100B8A1F5 /* mac_window_manager.mm */ = {isa = PBXFileReference; fileEncoding = 4; lastKnownFileType = sourcecode.cpp.objcpp; path = mac_window_manager.mm; sourceTree = "<group>"; };
		B479102D1A2E2FC100B8A1F5 /* mac_window_manager.h */ = {isa = PBXFileReference; fileEncoding = 4; lastKnownFileType = sourcecode.c.h; path = mac_window_manager.h; sourceTree = "<group>"; };
		B47910301A2E304200B8A1F5 /* window_manager.cpp */ = {isa = PBXFileReference; fileEncoding = 4; lastKnownFileType = sourcecode.cpp.cpp; path = window_manager.cpp; sourceTree = "<group>"; };
		B47910341A2E494C00B8A1F5 /* application.cpp */ = {isa = PBXFileReference; fileEncoding = 4; lastKnownFileType = sourcecode.cpp.cpp; path = application.cpp; sourceTree = "<group>"; };
		B47910351A2E494C00B8A1F5 /* application.h */ = {isa = PBXFileReference; fileEncoding = 4; lastKnownFileType = sourcecode.c.h; path = application.h; sourceTree = "<group>"; };
		B47910381A2E4A0800B8A1F5 /* mac_application.mm */ = {isa = PBXFileReference; fileEncoding = 4; lastKnownFileType = sourcecode.cpp.objcpp; path = mac_application.mm; sourceTree = "<group>"; };
		B47910391A2E4A0800B8A1F5 /* mac_application.h */ = {isa = PBXFileReference; fileEncoding = 4; lastKnownFileType = sourcecode.c.h; path = mac_application.h; sourceTree = "<group>"; };
		B4F7F79719DEE81800302B5C /* applicationLayer.h */ = {isa = PBXFileReference; lastKnownFileType = sourcecode.c.h; path = applicationLayer.h; sourceTree = "<group>"; };
		B4F7F79919DEE81800302B5C /* info.txt */ = {isa = PBXFileReference; lastKnownFileType = text; path = info.txt; sourceTree = "<group>"; };
		B4F7F79A19DEE81800302B5C /* readme.txt */ = {isa = PBXFileReference; lastKnownFileType = text; path = readme.txt; sourceTree = "<group>"; };
		B4F7F79C19DEE81800302B5C /* _init.h */ = {isa = PBXFileReference; lastKnownFileType = sourcecode.c.h; path = _init.h; sourceTree = "<group>"; };
		B4F7F79D19DEE81800302B5C /* _internal.h */ = {isa = PBXFileReference; lastKnownFileType = sourcecode.c.h; path = _internal.h; sourceTree = "<group>"; };
		B4F7F79E19DEE81800302B5C /* _window.h */ = {isa = PBXFileReference; lastKnownFileType = sourcecode.c.h; lineEnding = 0; path = _window.h; sourceTree = "<group>"; xcLanguageSpecificationIdentifier = xcode.lang.objcpp; };
		B4F7F79F19DEE81800302B5C /* config.h */ = {isa = PBXFileReference; lastKnownFileType = sourcecode.c.h; path = config.h; sourceTree = "<group>"; };
		B4F7F7A119DEE81800302B5C /* init.cpp */ = {isa = PBXFileReference; lastKnownFileType = sourcecode.cpp.cpp; path = init.cpp; sourceTree = "<group>"; };
		B4F7F7A219DEE81800302B5C /* init.h */ = {isa = PBXFileReference; lastKnownFileType = sourcecode.c.h; path = init.h; sourceTree = "<group>"; };
		B4F7F7A319DEE81800302B5C /* mac_init.mm */ = {isa = PBXFileReference; lastKnownFileType = sourcecode.cpp.objcpp; path = mac_init.mm; sourceTree = "<group>"; };
		B4F7F7A419DEE81800302B5C /* mac_window.mm */ = {isa = PBXFileReference; lastKnownFileType = sourcecode.cpp.objcpp; path = mac_window.mm; sourceTree = "<group>"; };
		B4F7F7A519DEE81800302B5C /* window.cpp */ = {isa = PBXFileReference; lastKnownFileType = sourcecode.cpp.cpp; path = window.cpp; sourceTree = "<group>"; };
		B4F7F7A619DEE81800302B5C /* window.h */ = {isa = PBXFileReference; lastKnownFileType = sourcecode.c.h; lineEnding = 0; path = window.h; sourceTree = "<group>"; xcLanguageSpecificationIdentifier = xcode.lang.objcpp; };
		B4F7F7A919DEE81800302B5C /* rect.h */ = {isa = PBXFileReference; lastKnownFileType = sourcecode.c.h; lineEnding = 0; path = rect.h; sourceTree = "<group>"; xcLanguageSpecificationIdentifier = xcode.lang.objcpp; };
		B4F7F7AB19DEE81800302B5C /* main_val.mm */ = {isa = PBXFileReference; lastKnownFileType = sourcecode.cpp.objcpp; path = main_val.mm; sourceTree = "<group>"; };
		B4F7F7B819DEE87B00302B5C /* libapplicationLayer_MACx64.a */ = {isa = PBXFileReference; explicitFileType = archive.ar; includeInIndex = 0; path = libapplicationLayer_MACx64.a; sourceTree = BUILT_PRODUCTS_DIR; };
		B4F7F7C019DEE90800302B5C /* AppKit.framework */ = {isa = PBXFileReference; lastKnownFileType = wrapper.framework; name = AppKit.framework; path = System/Library/Frameworks/AppKit.framework; sourceTree = SDKROOT; };
		B4F7F7C919DEE99800302B5C /* Test_val */ = {isa = PBXFileReference; explicitFileType = "compiled.mach-o.executable"; includeInIndex = 0; path = Test_val; sourceTree = BUILT_PRODUCTS_DIR; };
/* End PBXFileReference section */

/* Begin PBXFrameworksBuildPhase section */
		B45ADB3F1A2F5B2400390C6E /* Frameworks */ = {
			isa = PBXFrameworksBuildPhase;
			buildActionMask = 2147483647;
			files = (
				B45ADB401A2F5B2400390C6E /* AppKit.framework in Frameworks */,
				B45ADB471A2F5B3C00390C6E /* libapplicationLayer_MACx64.a in Frameworks */,
			);
			runOnlyForDeploymentPostprocessing = 0;
		};
		B47910151A2E290700B8A1F5 /* Frameworks */ = {
			isa = PBXFrameworksBuildPhase;
			buildActionMask = 2147483647;
			files = (
			);
			runOnlyForDeploymentPostprocessing = 0;
		};
		B4F7F7B519DEE87B00302B5C /* Frameworks */ = {
			isa = PBXFrameworksBuildPhase;
			buildActionMask = 2147483647;
			files = (
				B4F7F7C119DEE90800302B5C /* AppKit.framework in Frameworks */,
			);
			runOnlyForDeploymentPostprocessing = 0;
		};
		B4F7F7C619DEE99800302B5C /* Frameworks */ = {
			isa = PBXFrameworksBuildPhase;
			buildActionMask = 2147483647;
			files = (
				B479103D1A2E585C00B8A1F5 /* AppKit.framework in Frameworks */,
				B479103C1A2E578200B8A1F5 /* libvirtualApplicationLayer_MACx64.a in Frameworks */,
			);
			runOnlyForDeploymentPostprocessing = 0;
		};
/* End PBXFrameworksBuildPhase section */

/* Begin PBXGroup section */
		A46AA06219DEE68D00200EBC = {
			isa = PBXGroup;
			children = (
				B4F7F79919DEE81800302B5C /* info.txt */,
				B479101D1A2E294B00B8A1F5 /* Virtual Application Layer */,
				B4F7F78F19DEE81800302B5C /* Application Layer */,
				B4F7F7AA19DEE81800302B5C /* Test */,
				B4F7F7C319DEE93700302B5C /* Frameworks */,
				B4F7F7C419DEE94600302B5C /* Products */,
			);
			sourceTree = "<group>";
		};
		B42D232C1A30BE260012BB06 /* window manager */ = {
			isa = PBXGroup;
			children = (
				B479102B1A2E2F1D00B8A1F5 /* window_manager.h */,
				B47910301A2E304200B8A1F5 /* window_manager.cpp */,
				B46129341A2E64D6007F66A3 /* VALWindowDelegate.h */,
				B46129351A2E64D6007F66A3 /* VALWindowDelegate.mm */,
				B479102D1A2E2FC100B8A1F5 /* mac_window_manager.h */,
				B479102C1A2E2FC100B8A1F5 /* mac_window_manager.mm */,
			);
			name = "window manager";
			sourceTree = "<group>";
		};
		B42D232D1A30C5C00012BB06 /* log */ = {
			isa = PBXGroup;
			children = (
				B42D232F1A30C5D70012BB06 /* log.h */,
				B42D232E1A30C5D70012BB06 /* log.cpp */,
			);
			name = log;
			sourceTree = "<group>";
		};
		B458B6461A18F24700143CF0 /* init */ = {
			isa = PBXGroup;
			children = (
				B4F7F7A219DEE81800302B5C /* init.h */,
				B4F7F79C19DEE81800302B5C /* _init.h */,
				B4F7F7A119DEE81800302B5C /* init.cpp */,
				B4F7F7A319DEE81800302B5C /* mac_init.mm */,
			);
			name = init;
			sourceTree = "<group>";
		};
		B458B6471A18F25300143CF0 /* window */ = {
			isa = PBXGroup;
			children = (
				B4F7F7A619DEE81800302B5C /* window.h */,
				B4F7F79E19DEE81800302B5C /* _window.h */,
				B4F7F7A519DEE81800302B5C /* window.cpp */,
				B4F7F7A419DEE81800302B5C /* mac_window.mm */,
			);
			name = window;
			sourceTree = "<group>";
		};
		B458B6481A18F25C00143CF0 /* openGL */ = {
			isa = PBXGroup;
			children = (
				B458B63D1A18EFEF00143CF0 /* opengl_context.h */,
				B458B6491A18F46900143CF0 /* _opengl_context.h */,
				B458B63C1A18EFEF00143CF0 /* opengl_context.cpp */,
				B458B6431A18F23500143CF0 /* mac_opengl_context.mm */,
			);
			name = openGL;
			sourceTree = "<group>";
		};
		B479101D1A2E294B00B8A1F5 /* Virtual Application Layer */ = {
			isa = PBXGroup;
			children = (
				B479101E1A2E297600B8A1F5 /* include */,
				B479101F1A2E299900B8A1F5 /* src */,
			);
			path = "Virtual Application Layer";
			sourceTree = "<group>";
		};
		B479101E1A2E297600B8A1F5 /* include */ = {
			isa = PBXGroup;
			children = (
				B47910201A2E29B900B8A1F5 /* virtualApplicationLayer.h */,
			);
			name = include;
			sourceTree = "<group>";
		};
		B479101F1A2E299900B8A1F5 /* src */ = {
			isa = PBXGroup;
			children = (
				B46129411A2E6A1A007F66A3 /* config.h */,
				B47910331A2E493400B8A1F5 /* application */,
				B47910321A2E492F00B8A1F5 /* window */,
				B42D232C1A30BE260012BB06 /* window manager */,
				B42D232D1A30C5C00012BB06 /* log */,
			);
			name = src;
			sourceTree = "<group>";
		};
		B47910321A2E492F00B8A1F5 /* window */ = {
			isa = PBXGroup;
			children = (
				B47910221A2E29D000B8A1F5 /* window.h */,
				B461292B1A2E6277007F66A3 /* window.cpp */,
				B46129301A2E6414007F66A3 /* VALWindow.h */,
				B46129311A2E6414007F66A3 /* VALWindow.mm */,
				B47910271A2E2AE100B8A1F5 /* mac_window.h */,
				B47910261A2E2AE100B8A1F5 /* mac_window.mm */,
			);
			name = window;
			sourceTree = "<group>";
		};
		B47910331A2E493400B8A1F5 /* application */ = {
			isa = PBXGroup;
			children = (
				B47910351A2E494C00B8A1F5 /* application.h */,
				B47910341A2E494C00B8A1F5 /* application.cpp */,
				B46129381A2E65EE007F66A3 /* VALApplication.h */,
				B46129391A2E65EE007F66A3 /* VALApplication.mm */,
				B461293C1A2E6655007F66A3 /* VALApplicationDelegate.h */,
				B461293D1A2E6655007F66A3 /* VALApplicationDelegate.mm */,
				B47910391A2E4A0800B8A1F5 /* mac_application.h */,
				B47910381A2E4A0800B8A1F5 /* mac_application.mm */,
			);
			name = application;
			sourceTree = "<group>";
		};
		B4F7F78F19DEE81800302B5C /* Application Layer */ = {
			isa = PBXGroup;
			children = (
				B4F7F79A19DEE81800302B5C /* readme.txt */,
				B4F7F79319DEE81800302B5C /* include */,
				B4F7F79B19DEE81800302B5C /* src */,
				B4F7F7A819DEE81800302B5C /* util */,
			);
			path = "Application Layer";
			sourceTree = "<group>";
		};
		B4F7F79319DEE81800302B5C /* include */ = {
			isa = PBXGroup;
			children = (
				B4F7F79719DEE81800302B5C /* applicationLayer.h */,
			);
			path = include;
			sourceTree = "<group>";
		};
		B4F7F79B19DEE81800302B5C /* src */ = {
			isa = PBXGroup;
			children = (
				B4F7F79F19DEE81800302B5C /* config.h */,
				B4F7F79D19DEE81800302B5C /* _internal.h */,
				B458B6461A18F24700143CF0 /* init */,
				B458B6471A18F25300143CF0 /* window */,
				B458B6481A18F25C00143CF0 /* openGL */,
			);
			path = src;
			sourceTree = "<group>";
		};
		B4F7F7A819DEE81800302B5C /* util */ = {
			isa = PBXGroup;
			children = (
				B4F7F7A919DEE81800302B5C /* rect.h */,
				B45ADB361A2F59CC00390C6E /* measure.h */,
			);
			path = util;
			sourceTree = "<group>";
		};
		B4F7F7AA19DEE81800302B5C /* Test */ = {
			isa = PBXGroup;
			children = (
				B4F7F7AB19DEE81800302B5C /* main_val.mm */,
				B45ADB371A2F5A2900390C6E /* main_al.mm */,
			);
			path = Test;
			sourceTree = "<group>";
		};
		B4F7F7C319DEE93700302B5C /* Frameworks */ = {
			isa = PBXGroup;
			children = (
				B4F7F7C019DEE90800302B5C /* AppKit.framework */,
			);
			name = Frameworks;
			sourceTree = "<group>";
		};
		B4F7F7C419DEE94600302B5C /* Products */ = {
			isa = PBXGroup;
			children = (
				B47910181A2E290700B8A1F5 /* libvirtualApplicationLayer_MACx64.a */,
				B4F7F7B819DEE87B00302B5C /* libapplicationLayer_MACx64.a */,
				B4F7F7C919DEE99800302B5C /* Test_val */,
				B45ADB461A2F5B2400390C6E /* Test_al */,
			);
			name = Products;
			sourceTree = "<group>";
		};
/* End PBXGroup section */

/* Begin PBXHeadersBuildPhase section */
		B47910161A2E290700B8A1F5 /* Headers */ = {
			isa = PBXHeadersBuildPhase;
			buildActionMask = 2147483647;
			files = (
				B46129401A2E6727007F66A3 /* virtualApplicationLayer.h in Headers */,
				B42D23311A30C5D70012BB06 /* log.h in Headers */,
			);
			runOnlyForDeploymentPostprocessing = 0;
		};
		B4F7F7B619DEE87B00302B5C /* Headers */ = {
			isa = PBXHeadersBuildPhase;
			buildActionMask = 2147483647;
			files = (
				B4F7F7C219DEE92100302B5C /* applicationLayer.h in Headers */,
				B458B64A1A18F46900143CF0 /* _opengl_context.h in Headers */,
			);
			runOnlyForDeploymentPostprocessing = 0;
		};
/* End PBXHeadersBuildPhase section */

/* Begin PBXNativeTarget section */
		B45ADB391A2F5B2400390C6E /* Test_al */ = {
			isa = PBXNativeTarget;
			buildConfigurationList = B45ADB431A2F5B2400390C6E /* Build configuration list for PBXNativeTarget "Test_al" */;
			buildPhases = (
				B45ADB3C1A2F5B2400390C6E /* Sources */,
				B45ADB3F1A2F5B2400390C6E /* Frameworks */,
				B45ADB421A2F5B2400390C6E /* CopyFiles */,
			);
			buildRules = (
			);
			dependencies = (
				B45ADB3A1A2F5B2400390C6E /* PBXTargetDependency */,
			);
			name = Test_al;
			productName = Test;
			productReference = B45ADB461A2F5B2400390C6E /* Test_al */;
			productType = "com.apple.product-type.tool";
		};
		B47910171A2E290700B8A1F5 /* virtualApplicationLayer_MACx64 */ = {
			isa = PBXNativeTarget;
			buildConfigurationList = B47910191A2E290700B8A1F5 /* Build configuration list for PBXNativeTarget "virtualApplicationLayer_MACx64" */;
			buildPhases = (
				B47910141A2E290700B8A1F5 /* Sources */,
				B47910151A2E290700B8A1F5 /* Frameworks */,
				B47910161A2E290700B8A1F5 /* Headers */,
			);
			buildRules = (
			);
			dependencies = (
			);
			name = virtualApplicationLayer_MACx64;
			productName = virtualApplicationLayer_MACx64;
			productReference = B47910181A2E290700B8A1F5 /* libvirtualApplicationLayer_MACx64.a */;
			productType = "com.apple.product-type.library.static";
		};
		B4F7F7B719DEE87B00302B5C /* applicationLayer_MACx64 */ = {
			isa = PBXNativeTarget;
			buildConfigurationList = B4F7F7B919DEE87B00302B5C /* Build configuration list for PBXNativeTarget "applicationLayer_MACx64" */;
			buildPhases = (
				B4F7F7B419DEE87B00302B5C /* Sources */,
				B4F7F7B519DEE87B00302B5C /* Frameworks */,
				B4F7F7B619DEE87B00302B5C /* Headers */,
			);
			buildRules = (
			);
			dependencies = (
			);
			name = applicationLayer_MACx64;
			productName = applicationLayer_MACx64;
			productReference = B4F7F7B819DEE87B00302B5C /* libapplicationLayer_MACx64.a */;
			productType = "com.apple.product-type.library.static";
		};
		B4F7F7C819DEE99800302B5C /* Test_val */ = {
			isa = PBXNativeTarget;
			buildConfigurationList = B4F7F7CD19DEE99800302B5C /* Build configuration list for PBXNativeTarget "Test_val" */;
			buildPhases = (
				B4F7F7C519DEE99800302B5C /* Sources */,
				B4F7F7C619DEE99800302B5C /* Frameworks */,
				B4F7F7C719DEE99800302B5C /* CopyFiles */,
			);
			buildRules = (
			);
			dependencies = (
				B4F7F7D219DEE9A700302B5C /* PBXTargetDependency */,
			);
			name = Test_val;
			productName = Test;
			productReference = B4F7F7C919DEE99800302B5C /* Test_val */;
			productType = "com.apple.product-type.tool";
		};
/* End PBXNativeTarget section */

/* Begin PBXProject section */
		A46AA06319DEE68D00200EBC /* Project object */ = {
			isa = PBXProject;
			attributes = {
				LastUpgradeCheck = 0510;
				ORGANIZATIONNAME = "Codex Soft";
				TargetAttributes = {
					B47910171A2E290700B8A1F5 = {
						CreatedOnToolsVersion = 6.0.1;
					};
					B4F7F7B719DEE87B00302B5C = {
						CreatedOnToolsVersion = 6.0.1;
					};
					B4F7F7C819DEE99800302B5C = {
						CreatedOnToolsVersion = 6.0.1;
					};
				};
			};
			buildConfigurationList = A46AA06619DEE68D00200EBC /* Build configuration list for PBXProject "Codex" */;
			compatibilityVersion = "Xcode 3.2";
			developmentRegion = English;
			hasScannedForEncodings = 0;
			knownRegions = (
				en,
			);
			mainGroup = A46AA06219DEE68D00200EBC;
			productRefGroup = A46AA06219DEE68D00200EBC;
			projectDirPath = "";
			projectRoot = "";
			targets = (
				B4F7F7B719DEE87B00302B5C /* applicationLayer_MACx64 */,
				B47910171A2E290700B8A1F5 /* virtualApplicationLayer_MACx64 */,
				B4F7F7C819DEE99800302B5C /* Test_val */,
				B45ADB391A2F5B2400390C6E /* Test_al */,
			);
		};
/* End PBXProject section */

/* Begin PBXSourcesBuildPhase section */
		B45ADB3C1A2F5B2400390C6E /* Sources */ = {
			isa = PBXSourcesBuildPhase;
			buildActionMask = 2147483647;
			files = (
				B45ADB3E1A2F5B2400390C6E /* main_al.mm in Sources */,
			);
			runOnlyForDeploymentPostprocessing = 0;
		};
		B47910141A2E290700B8A1F5 /* Sources */ = {
			isa = PBXSourcesBuildPhase;
			buildActionMask = 2147483647;
			files = (
				B47910361A2E494C00B8A1F5 /* application.cpp in Sources */,
				B461293B1A2E65EE007F66A3 /* VALApplication.mm in Sources */,
				B42D23301A30C5D70012BB06 /* log.cpp in Sources */,
				B46129371A2E64D6007F66A3 /* VALWindowDelegate.mm in Sources */,
				B479103A1A2E4A0800B8A1F5 /* mac_application.mm in Sources */,
				B47910311A2E304200B8A1F5 /* window_manager.cpp in Sources */,
				B461293F1A2E6655007F66A3 /* VALApplicationDelegate.mm in Sources */,
				B479102E1A2E2FC100B8A1F5 /* mac_window_manager.mm in Sources */,
				B461292D1A2E62B6007F66A3 /* window.cpp in Sources */,
				B46129331A2E6414007F66A3 /* VALWindow.mm in Sources */,
				B47910281A2E2AE100B8A1F5 /* mac_window.mm in Sources */,
			);
			runOnlyForDeploymentPostprocessing = 0;
		};
		B4F7F7B419DEE87B00302B5C /* Sources */ = {
			isa = PBXSourcesBuildPhase;
			buildActionMask = 2147483647;
			files = (
				B458B63E1A18EFEF00143CF0 /* opengl_context.cpp in Sources */,
				B4F7F7BC19DEE8B700302B5C /* init.cpp in Sources */,
				B4F7F7BD19DEE8B900302B5C /* mac_init.mm in Sources */,
				B4F7F7BE19DEE8BA00302B5C /* mac_window.mm in Sources */,
				B458B6451A18F23500143CF0 /* mac_opengl_context.mm in Sources */,
				B4F7F7BF19DEE8BC00302B5C /* window.cpp in Sources */,
			);
			runOnlyForDeploymentPostprocessing = 0;
		};
		B4F7F7C519DEE99800302B5C /* Sources */ = {
			isa = PBXSourcesBuildPhase;
			buildActionMask = 2147483647;
			files = (
				B4F7F7D319DEE9D500302B5C /* main_val.mm in Sources */,
			);
			runOnlyForDeploymentPostprocessing = 0;
		};
/* End PBXSourcesBuildPhase section */

/* Begin PBXTargetDependency section */
		B45ADB3A1A2F5B2400390C6E /* PBXTargetDependency */ = {
			isa = PBXTargetDependency;
			target = B4F7F7B719DEE87B00302B5C /* applicationLayer_MACx64 */;
			targetProxy = B45ADB3B1A2F5B2400390C6E /* PBXContainerItemProxy */;
		};
		B4F7F7D219DEE9A700302B5C /* PBXTargetDependency */ = {
			isa = PBXTargetDependency;
			target = B4F7F7B719DEE87B00302B5C /* applicationLayer_MACx64 */;
			targetProxy = B4F7F7D119DEE9A700302B5C /* PBXContainerItemProxy */;
		};
/* End PBXTargetDependency section */

/* Begin XCBuildConfiguration section */
		A46AA07219DEE68D00200EBC /* Debug */ = {
			isa = XCBuildConfiguration;
			buildSettings = {
				ALWAYS_SEARCH_USER_PATHS = NO;
				CLANG_CXX_LANGUAGE_STANDARD = "gnu++0x";
				CLANG_CXX_LIBRARY = "libc++";
				CLANG_ENABLE_MODULES = YES;
				CLANG_ENABLE_OBJC_ARC = YES;
				CLANG_WARN_BOOL_CONVERSION = YES;
				CLANG_WARN_CONSTANT_CONVERSION = YES;
				CLANG_WARN_DIRECT_OBJC_ISA_USAGE = YES_ERROR;
				CLANG_WARN_EMPTY_BODY = YES;
				CLANG_WARN_ENUM_CONVERSION = YES;
				CLANG_WARN_INT_CONVERSION = YES;
				CLANG_WARN_OBJC_ROOT_CLASS = YES_ERROR;
				CLANG_WARN__DUPLICATE_METHOD_MATCH = YES;
				COPY_PHASE_STRIP = NO;
				GCC_C_LANGUAGE_STANDARD = gnu99;
				GCC_DYNAMIC_NO_PIC = NO;
				GCC_ENABLE_OBJC_EXCEPTIONS = YES;
				GCC_OPTIMIZATION_LEVEL = 0;
				GCC_PREPROCESSOR_DEFINITIONS = (
					"DEBUG=1",
					"$(inherited)",
				);
				GCC_SYMBOLS_PRIVATE_EXTERN = NO;
				GCC_WARN_64_TO_32_BIT_CONVERSION = YES;
				GCC_WARN_ABOUT_RETURN_TYPE = YES_ERROR;
				GCC_WARN_UNDECLARED_SELECTOR = YES;
				GCC_WARN_UNINITIALIZED_AUTOS = YES_AGGRESSIVE;
				GCC_WARN_UNUSED_FUNCTION = YES;
				GCC_WARN_UNUSED_VARIABLE = YES;
				MACOSX_DEPLOYMENT_TARGET = 10.9;
				ONLY_ACTIVE_ARCH = YES;
				SDKROOT = macosx;
			};
			name = Debug;
		};
		A46AA07319DEE68D00200EBC /* Release */ = {
			isa = XCBuildConfiguration;
			buildSettings = {
				ALWAYS_SEARCH_USER_PATHS = NO;
				CLANG_CXX_LANGUAGE_STANDARD = "gnu++0x";
				CLANG_CXX_LIBRARY = "libc++";
				CLANG_ENABLE_MODULES = YES;
				CLANG_ENABLE_OBJC_ARC = YES;
				CLANG_WARN_BOOL_CONVERSION = YES;
				CLANG_WARN_CONSTANT_CONVERSION = YES;
				CLANG_WARN_DIRECT_OBJC_ISA_USAGE = YES_ERROR;
				CLANG_WARN_EMPTY_BODY = YES;
				CLANG_WARN_ENUM_CONVERSION = YES;
				CLANG_WARN_INT_CONVERSION = YES;
				CLANG_WARN_OBJC_ROOT_CLASS = YES_ERROR;
				CLANG_WARN__DUPLICATE_METHOD_MATCH = YES;
				COPY_PHASE_STRIP = YES;
				DEBUG_INFORMATION_FORMAT = "dwarf-with-dsym";
				ENABLE_NS_ASSERTIONS = NO;
				GCC_C_LANGUAGE_STANDARD = gnu99;
				GCC_ENABLE_OBJC_EXCEPTIONS = YES;
				GCC_WARN_64_TO_32_BIT_CONVERSION = YES;
				GCC_WARN_ABOUT_RETURN_TYPE = YES_ERROR;
				GCC_WARN_UNDECLARED_SELECTOR = YES;
				GCC_WARN_UNINITIALIZED_AUTOS = YES_AGGRESSIVE;
				GCC_WARN_UNUSED_FUNCTION = YES;
				GCC_WARN_UNUSED_VARIABLE = YES;
				MACOSX_DEPLOYMENT_TARGET = 10.9;
				SDKROOT = macosx;
			};
			name = Release;
		};
		B45ADB441A2F5B2400390C6E /* Debug */ = {
			isa = XCBuildConfiguration;
			buildSettings = {
				CLANG_ENABLE_OBJC_ARC = NO;
				CLANG_WARN_UNREACHABLE_CODE = YES;
				ENABLE_STRICT_OBJC_MSGSEND = YES;
				GCC_PREPROCESSOR_DEFINITIONS = (
					"DEBUG=1",
					"$(inherited)",
				);
				MTL_ENABLE_DEBUG_INFO = YES;
				PRODUCT_NAME = Test_al;
			};
			name = Debug;
		};
		B45ADB451A2F5B2400390C6E /* Release */ = {
			isa = XCBuildConfiguration;
			buildSettings = {
				CLANG_ENABLE_OBJC_ARC = NO;
				CLANG_WARN_UNREACHABLE_CODE = YES;
				ENABLE_STRICT_OBJC_MSGSEND = YES;
				MTL_ENABLE_DEBUG_INFO = NO;
				PRODUCT_NAME = Test_al;
			};
			name = Release;
		};
		B479101A1A2E290700B8A1F5 /* Debug */ = {
			isa = XCBuildConfiguration;
			buildSettings = {
				CLANG_ENABLE_OBJC_ARC = NO;
				CLANG_WARN_UNREACHABLE_CODE = YES;
				ENABLE_STRICT_OBJC_MSGSEND = YES;
				EXECUTABLE_PREFIX = lib;
				GCC_PREPROCESSOR_DEFINITIONS = (
					"DEBUG=1",
					"$(inherited)",
				);
				MTL_ENABLE_DEBUG_INFO = YES;
				PRODUCT_NAME = "$(TARGET_NAME)";
			};
			name = Debug;
		};
		B479101B1A2E290700B8A1F5 /* Release */ = {
			isa = XCBuildConfiguration;
			buildSettings = {
				CLANG_ENABLE_OBJC_ARC = NO;
				CLANG_WARN_UNREACHABLE_CODE = YES;
				ENABLE_STRICT_OBJC_MSGSEND = YES;
				EXECUTABLE_PREFIX = lib;
				MTL_ENABLE_DEBUG_INFO = NO;
				PRODUCT_NAME = "$(TARGET_NAME)";
			};
			name = Release;
		};
		B4F7F7BA19DEE87B00302B5C /* Debug */ = {
			isa = XCBuildConfiguration;
			buildSettings = {
				CLANG_ENABLE_OBJC_ARC = NO;
				CLANG_WARN_UNREACHABLE_CODE = YES;
				ENABLE_STRICT_OBJC_MSGSEND = YES;
				EXECUTABLE_PREFIX = lib;
				GCC_PREPROCESSOR_DEFINITIONS = (
					"DEBUG=1",
					"$(inherited)",
				);
				MACH_O_TYPE = mh_dylib;
				MTL_ENABLE_DEBUG_INFO = YES;
				PRODUCT_NAME = "$(TARGET_NAME)";
			};
			name = Debug;
		};
		B4F7F7BB19DEE87B00302B5C /* Release */ = {
			isa = XCBuildConfiguration;
			buildSettings = {
				CLANG_ENABLE_OBJC_ARC = NO;
				CLANG_WARN_UNREACHABLE_CODE = YES;
				ENABLE_STRICT_OBJC_MSGSEND = YES;
				EXECUTABLE_PREFIX = lib;
				MACH_O_TYPE = mh_dylib;
				MTL_ENABLE_DEBUG_INFO = NO;
				PRODUCT_NAME = "$(TARGET_NAME)";
			};
			name = Release;
		};
		B4F7F7CE19DEE99800302B5C /* Debug */ = {
			isa = XCBuildConfiguration;
			buildSettings = {
				CLANG_ENABLE_OBJC_ARC = NO;
				CLANG_WARN_UNREACHABLE_CODE = YES;
				ENABLE_STRICT_OBJC_MSGSEND = YES;
				GCC_PREPROCESSOR_DEFINITIONS = (
					"DEBUG=1",
					"$(inherited)",
				);
				MTL_ENABLE_DEBUG_INFO = YES;
				PRODUCT_NAME = "$(TARGET_NAME)";
			};
			name = Debug;
		};
		B4F7F7CF19DEE99800302B5C /* Release */ = {
			isa = XCBuildConfiguration;
			buildSettings = {
				CLANG_ENABLE_OBJC_ARC = NO;
				CLANG_WARN_UNREACHABLE_CODE = YES;
				ENABLE_STRICT_OBJC_MSGSEND = YES;
				MTL_ENABLE_DEBUG_INFO = NO;
				PRODUCT_NAME = "$(TARGET_NAME)";
			};
			name = Release;
		};
/* End XCBuildConfiguration section */

/* Begin XCConfigurationList section */
		A46AA06619DEE68D00200EBC /* Build configuration list for PBXProject "Codex" */ = {
			isa = XCConfigurationList;
			buildConfigurations = (
				A46AA07219DEE68D00200EBC /* Debug */,
				A46AA07319DEE68D00200EBC /* Release */,
			);
			defaultConfigurationIsVisible = 0;
			defaultConfigurationName = Release;
		};
		B45ADB431A2F5B2400390C6E /* Build configuration list for PBXNativeTarget "Test_al" */ = {
			isa = XCConfigurationList;
			buildConfigurations = (
				B45ADB441A2F5B2400390C6E /* Debug */,
				B45ADB451A2F5B2400390C6E /* Release */,
			);
			defaultConfigurationIsVisible = 0;
			defaultConfigurationName = Release;
		};
		B47910191A2E290700B8A1F5 /* Build configuration list for PBXNativeTarget "virtualApplicationLayer_MACx64" */ = {
			isa = XCConfigurationList;
			buildConfigurations = (
				B479101A1A2E290700B8A1F5 /* Debug */,
				B479101B1A2E290700B8A1F5 /* Release */,
			);
			defaultConfigurationIsVisible = 0;
			defaultConfigurationName = Release;
		};
		B4F7F7B919DEE87B00302B5C /* Build configuration list for PBXNativeTarget "applicationLayer_MACx64" */ = {
			isa = XCConfigurationList;
			buildConfigurations = (
				B4F7F7BA19DEE87B00302B5C /* Debug */,
				B4F7F7BB19DEE87B00302B5C /* Release */,
			);
			defaultConfigurationIsVisible = 0;
			defaultConfigurationName = Release;
		};
		B4F7F7CD19DEE99800302B5C /* Build configuration list for PBXNativeTarget "Test_val" */ = {
			isa = XCConfigurationList;
			buildConfigurations = (
				B4F7F7CE19DEE99800302B5C /* Debug */,
				B4F7F7CF19DEE99800302B5C /* Release */,
			);
			defaultConfigurationIsVisible = 0;
			defaultConfigurationName = Release;
		};
/* End XCConfigurationList section */
	};
	rootObject = A46AA06319DEE68D00200EBC /* Project object */;
}
